
Microsoft Visual Studio Solution File, Format Version 12.00
Project("{FAE04EC0-301F-11D3-BF4B-00C04F79EFBC}") = "MartenIdDemo", "MartenIdDemo\MartenIdDemo.csproj", "{4831150D-7E23-40AD-9634-730FFE03419B}"
EndProject
Global
	GlobalSection(SolutionConfigurationPlatforms) = preSolution
		Debug|Any CPU = Debug|Any CPU
		Release|Any CPU = Release|Any CPU
	EndGlobalSection
	GlobalSection(ProjectConfigurationPlatforms) = postSolution
		{4831150D-7E23-40AD-9634-730FFE03419B}.Debug|Any CPU.ActiveCfg = Debug|Any CPU
		{4831150D-7E23-40AD-9634-730FFE03419B}.Debug|Any CPU.Build.0 = Debug|Any CPU
		{4831150D-7E23-40AD-9634-730FFE03419B}.Release|Any CPU.ActiveCfg = Release|Any CPU
		{4831150D-7E23-40AD-9634-730FFE03419B}.Release|Any CPU.Build.0 = Release|Any CPU
	EndGlobalSection
EndGlobal
